# THIS IS AN AUTOGENERATED FILE. DO NOT EDIT THIS FILE DIRECTLY.
# yarn lockfile v1


govuk-frontend@^4.0.1:
  version "4.0.1"
  resolved "https://registry.yarnpkg.com/govuk-frontend/-/govuk-frontend-4.0.1.tgz#bceff58ecb399272cba32bd2b357fe16198e3249"

"govwifi-shared-frontend@https://github.com/alphagov/govwifi-shared-frontend/releases/download/v0.6.6/govwifi-shared-frontend-0.6.6.tgz":
  version "0.6.6"
  resolved "https://github.com/alphagov/govwifi-shared-frontend/releases/download/v0.6.6/govwifi-shared-frontend-0.6.6.tgz"
  dependencies:
    js-cookie "^2.2.1"

html5shiv@^3.7.3:
  version "3.7.3"
  resolved "https://registry.npmjs.org/html5shiv/-/html5shiv-3.7.3.tgz"

js-cookie@^2.2.1:
  version "2.2.1"
  resolved "https://registry.npmjs.org/js-cookie/-/js-cookie-2.2.1.tgz"
